// !$*UTF8*$!
{
	archiveVersion = 1;
	classes = {
	};
	objectVersion = 50;
	objects = {

/* Begin PBXBuildFile section */
		63D7F4CA22988E5600BFF5F9 /* main.swift in Sources */ = {isa = PBXBuildFile; fileRef = 63D7F4C922988E5600BFF5F9 /* main.swift */; };
		63D7F4D322988ECA00BFF5F9 /* SinglyLinkedList.swift in Sources */ = {isa = PBXBuildFile; fileRef = 63D7F4D222988ECA00BFF5F9 /* SinglyLinkedList.swift */; };
		63D7F4D622988F2A00BFF5F9 /* SinglyLinkedListNode.swift in Sources */ = {isa = PBXBuildFile; fileRef = 63D7F4D522988F2A00BFF5F9 /* SinglyLinkedListNode.swift */; };
		63D7F4DA2298959700BFF5F9 /* Stack.swift in Sources */ = {isa = PBXBuildFile; fileRef = 63D7F4D92298959700BFF5F9 /* Stack.swift */; };
		63D7F4E22299F15C00BFF5F9 /* DoublyLinkedListNode.swift in Sources */ = {isa = PBXBuildFile; fileRef = 63D7F4E12299F15C00BFF5F9 /* DoublyLinkedListNode.swift */; };
		63D7F4E42299F53900BFF5F9 /* DoublyLinkedList.swift in Sources */ = {isa = PBXBuildFile; fileRef = 63D7F4E32299F53900BFF5F9 /* DoublyLinkedList.swift */; };
		63D7F4EB229DEE2E00BFF5F9 /* SinglyLinkedListTests.swift in Sources */ = {isa = PBXBuildFile; fileRef = 63D7F4EA229DEE2E00BFF5F9 /* SinglyLinkedListTests.swift */; };
		63D7F4F1229DF04D00BFF5F9 /* StackTests.swift in Sources */ = {isa = PBXBuildFile; fileRef = 63D7F4F0229DF04D00BFF5F9 /* StackTests.swift */; };
		63D7F4F3229DF5CC00BFF5F9 /* DoublyLinkedListsTest.swift in Sources */ = {isa = PBXBuildFile; fileRef = 63D7F4F2229DF5CC00BFF5F9 /* DoublyLinkedListsTest.swift */; };
		63D7F4F7229E13C600BFF5F9 /* StackWithLinkedList.swift in Sources */ = {isa = PBXBuildFile; fileRef = 63D7F4F6229E13C600BFF5F9 /* StackWithLinkedList.swift */; };
		63D7F4FA229E1FF800BFF5F9 /* StackWithLinkedListTests.swift in Sources */ = {isa = PBXBuildFile; fileRef = 63D7F4F9229E1FF800BFF5F9 /* StackWithLinkedListTests.swift */; };
		63D7F4FC229F347F00BFF5F9 /* Queue.swift in Sources */ = {isa = PBXBuildFile; fileRef = 63D7F4FB229F347F00BFF5F9 /* Queue.swift */; };
		63D7F500229F3F0200BFF5F9 /* QueueTests.swift in Sources */ = {isa = PBXBuildFile; fileRef = 63D7F4FF229F3F0200BFF5F9 /* QueueTests.swift */; };
/* End PBXBuildFile section */

/* Begin PBXCopyFilesBuildPhase section */
		63D7F4C422988E5600BFF5F9 /* CopyFiles */ = {
			isa = PBXCopyFilesBuildPhase;
			buildActionMask = 2147483647;
			dstPath = /usr/share/man/man1/;
			dstSubfolderSpec = 0;
			files = (
			);
			runOnlyForDeploymentPostprocessing = 1;
		};
/* End PBXCopyFilesBuildPhase section */

/* Begin PBXFileReference section */
		63D7F4C622988E5600BFF5F9 /* Swift Algorithms & Data Structures */ = {isa = PBXFileReference; explicitFileType = "compiled.mach-o.executable"; includeInIndex = 0; path = "Swift Algorithms & Data Structures"; sourceTree = BUILT_PRODUCTS_DIR; };
		63D7F4C922988E5600BFF5F9 /* main.swift */ = {isa = PBXFileReference; lastKnownFileType = sourcecode.swift; path = main.swift; sourceTree = "<group>"; };
		63D7F4D222988ECA00BFF5F9 /* SinglyLinkedList.swift */ = {isa = PBXFileReference; lastKnownFileType = sourcecode.swift; path = SinglyLinkedList.swift; sourceTree = "<group>"; };
		63D7F4D522988F2A00BFF5F9 /* SinglyLinkedListNode.swift */ = {isa = PBXFileReference; lastKnownFileType = sourcecode.swift; path = SinglyLinkedListNode.swift; sourceTree = "<group>"; };
		63D7F4D92298959700BFF5F9 /* Stack.swift */ = {isa = PBXFileReference; lastKnownFileType = sourcecode.swift; path = Stack.swift; sourceTree = "<group>"; };
		63D7F4E12299F15C00BFF5F9 /* DoublyLinkedListNode.swift */ = {isa = PBXFileReference; lastKnownFileType = sourcecode.swift; path = DoublyLinkedListNode.swift; sourceTree = "<group>"; };
		63D7F4E32299F53900BFF5F9 /* DoublyLinkedList.swift */ = {isa = PBXFileReference; lastKnownFileType = sourcecode.swift; path = DoublyLinkedList.swift; sourceTree = "<group>"; };
		63D7F4EA229DEE2E00BFF5F9 /* SinglyLinkedListTests.swift */ = {isa = PBXFileReference; lastKnownFileType = sourcecode.swift; path = SinglyLinkedListTests.swift; sourceTree = "<group>"; };
		63D7F4F0229DF04D00BFF5F9 /* StackTests.swift */ = {isa = PBXFileReference; lastKnownFileType = sourcecode.swift; path = StackTests.swift; sourceTree = "<group>"; };
		63D7F4F2229DF5CC00BFF5F9 /* DoublyLinkedListsTest.swift */ = {isa = PBXFileReference; lastKnownFileType = sourcecode.swift; path = DoublyLinkedListsTest.swift; sourceTree = "<group>"; };
		63D7F4F6229E13C600BFF5F9 /* StackWithLinkedList.swift */ = {isa = PBXFileReference; lastKnownFileType = sourcecode.swift; path = StackWithLinkedList.swift; sourceTree = "<group>"; };
		63D7F4F9229E1FF800BFF5F9 /* StackWithLinkedListTests.swift */ = {isa = PBXFileReference; lastKnownFileType = sourcecode.swift; path = StackWithLinkedListTests.swift; sourceTree = "<group>"; };
		63D7F4FB229F347F00BFF5F9 /* Queue.swift */ = {isa = PBXFileReference; lastKnownFileType = sourcecode.swift; path = Queue.swift; sourceTree = "<group>"; };
		63D7F4FF229F3F0200BFF5F9 /* QueueTests.swift */ = {isa = PBXFileReference; lastKnownFileType = sourcecode.swift; path = QueueTests.swift; sourceTree = "<group>"; };
/* End PBXFileReference section */

/* Begin PBXFrameworksBuildPhase section */
		63D7F4C322988E5600BFF5F9 /* Frameworks */ = {
			isa = PBXFrameworksBuildPhase;
			buildActionMask = 2147483647;
			files = (
			);
			runOnlyForDeploymentPostprocessing = 0;
		};
/* End PBXFrameworksBuildPhase section */

/* Begin PBXGroup section */
		63D7F4BD22988E5600BFF5F9 = {
			isa = PBXGroup;
			children = (
				63D7F4C822988E5600BFF5F9 /* Swift Algorithms & Data Structures */,
				63D7F4C722988E5600BFF5F9 /* Products */,
			);
			sourceTree = "<group>";
		};
		63D7F4C722988E5600BFF5F9 /* Products */ = {
			isa = PBXGroup;
			children = (
				63D7F4C622988E5600BFF5F9 /* Swift Algorithms & Data Structures */,
			);
			name = Products;
			sourceTree = "<group>";
		};
		63D7F4C822988E5600BFF5F9 /* Swift Algorithms & Data Structures */ = {
			isa = PBXGroup;
			children = (
				63D7F4C922988E5600BFF5F9 /* main.swift */,
				63D7F4D722988F5300BFF5F9 /* Data Structures */,
				63D7F4D122988E9E00BFF5F9 /* Algorithms */,
			);
			path = "Swift Algorithms & Data Structures";
			sourceTree = "<group>";
		};
		63D7F4D122988E9E00BFF5F9 /* Algorithms */ = {
			isa = PBXGroup;
			children = (
			);
			path = Algorithms;
			sourceTree = "<group>";
		};
		63D7F4D422988ED600BFF5F9 /* Linked Lists */ = {
			isa = PBXGroup;
			children = (
				63D7F4DE2298B39A00BFF5F9 /* Doubly Linked List */,
				63D7F4DD2298B36400BFF5F9 /* Singly Linked List */,
			);
			path = "Linked Lists";
			sourceTree = "<group>";
		};
		63D7F4D722988F5300BFF5F9 /* Data Structures */ = {
			isa = PBXGroup;
			children = (
				63D7F4FD229F348800BFF5F9 /* Queues */,
				63D7F4D82298958800BFF5F9 /* Stacks */,
				63D7F4D422988ED600BFF5F9 /* Linked Lists */,
			);
			path = "Data Structures";
			sourceTree = "<group>";
		};
		63D7F4D82298958800BFF5F9 /* Stacks */ = {
			isa = PBXGroup;
			children = (
				63D7F4F5229E138E00BFF5F9 /* Stack with Linked List */,
				63D7F4F4229E137400BFF5F9 /* Stack with Array */,
			);
			path = Stacks;
			sourceTree = "<group>";
		};
		63D7F4DD2298B36400BFF5F9 /* Singly Linked List */ = {
			isa = PBXGroup;
			children = (
				63D7F4D222988ECA00BFF5F9 /* SinglyLinkedList.swift */,
				63D7F4E9229DEDFE00BFF5F9 /* Tests */,
				63D7F4D522988F2A00BFF5F9 /* SinglyLinkedListNode.swift */,
			);
			path = "Singly Linked List";
			sourceTree = "<group>";
		};
		63D7F4DE2298B39A00BFF5F9 /* Doubly Linked List */ = {
			isa = PBXGroup;
			children = (
				63D7F4E12299F15C00BFF5F9 /* DoublyLinkedListNode.swift */,
				63D7F4EC229DEF0300BFF5F9 /* Tests */,
				63D7F4E32299F53900BFF5F9 /* DoublyLinkedList.swift */,
			);
			path = "Doubly Linked List";
			sourceTree = "<group>";
		};
		63D7F4E9229DEDFE00BFF5F9 /* Tests */ = {
			isa = PBXGroup;
			children = (
				63D7F4EA229DEE2E00BFF5F9 /* SinglyLinkedListTests.swift */,
			);
			path = Tests;
			sourceTree = "<group>";
		};
		63D7F4EC229DEF0300BFF5F9 /* Tests */ = {
			isa = PBXGroup;
			children = (
				63D7F4F2229DF5CC00BFF5F9 /* DoublyLinkedListsTest.swift */,
			);
			path = Tests;
			sourceTree = "<group>";
		};
		63D7F4EF229DF04000BFF5F9 /* Tests */ = {
			isa = PBXGroup;
			children = (
				63D7F4F0229DF04D00BFF5F9 /* StackTests.swift */,
			);
			path = Tests;
			sourceTree = "<group>";
		};
		63D7F4F4229E137400BFF5F9 /* Stack with Array */ = {
			isa = PBXGroup;
			children = (
				63D7F4D92298959700BFF5F9 /* Stack.swift */,
				63D7F4EF229DF04000BFF5F9 /* Tests */,
			);
			path = "Stack with Array";
			sourceTree = "<group>";
		};
		63D7F4F5229E138E00BFF5F9 /* Stack with Linked List */ = {
			isa = PBXGroup;
			children = (
				63D7F4F6229E13C600BFF5F9 /* StackWithLinkedList.swift */,
				63D7F4F8229E1FE900BFF5F9 /* Tests */,
			);
			path = "Stack with Linked List";
			sourceTree = "<group>";
		};
		63D7F4F8229E1FE900BFF5F9 /* Tests */ = {
			isa = PBXGroup;
			children = (
				63D7F4F9229E1FF800BFF5F9 /* StackWithLinkedListTests.swift */,
			);
			path = Tests;
			sourceTree = "<group>";
		};
		63D7F4FD229F348800BFF5F9 /* Queues */ = {
			isa = PBXGroup;
			children = (
				63D7F4FB229F347F00BFF5F9 /* Queue.swift */,
				63D7F4FE229F349600BFF5F9 /* Tests */,
			);
			path = Queues;
			sourceTree = "<group>";
		};
		63D7F4FE229F349600BFF5F9 /* Tests */ = {
			isa = PBXGroup;
			children = (
				63D7F4FF229F3F0200BFF5F9 /* QueueTests.swift */,
			);
			path = Tests;
			sourceTree = "<group>";
		};
/* End PBXGroup section */

/* Begin PBXNativeTarget section */
		63D7F4C522988E5600BFF5F9 /* Swift Algorithms & Data Structures */ = {
			isa = PBXNativeTarget;
			buildConfigurationList = 63D7F4CD22988E5600BFF5F9 /* Build configuration list for PBXNativeTarget "Swift Algorithms & Data Structures" */;
			buildPhases = (
				63D7F4C222988E5600BFF5F9 /* Sources */,
				63D7F4C322988E5600BFF5F9 /* Frameworks */,
				63D7F4C422988E5600BFF5F9 /* CopyFiles */,
			);
			buildRules = (
			);
			dependencies = (
			);
			name = "Swift Algorithms & Data Structures";
			productName = "Swift Algorithms & Data Structures";
			productReference = 63D7F4C622988E5600BFF5F9 /* Swift Algorithms & Data Structures */;
			productType = "com.apple.product-type.tool";
		};
/* End PBXNativeTarget section */

/* Begin PBXProject section */
		63D7F4BE22988E5600BFF5F9 /* Project object */ = {
			isa = PBXProject;
			attributes = {
				LastSwiftUpdateCheck = 1020;
				LastUpgradeCheck = 1020;
				ORGANIZATIONNAME = "David Inga";
				TargetAttributes = {
					63D7F4C522988E5600BFF5F9 = {
						CreatedOnToolsVersion = 10.2.1;
					};
				};
			};
			buildConfigurationList = 63D7F4C122988E5600BFF5F9 /* Build configuration list for PBXProject "Swift Algorithms & Data Structures" */;
			compatibilityVersion = "Xcode 9.3";
			developmentRegion = en;
			hasScannedForEncodings = 0;
			knownRegions = (
				en,
			);
			mainGroup = 63D7F4BD22988E5600BFF5F9;
			productRefGroup = 63D7F4C722988E5600BFF5F9 /* Products */;
			projectDirPath = "";
			projectRoot = "";
			targets = (
				63D7F4C522988E5600BFF5F9 /* Swift Algorithms & Data Structures */,
			);
		};
/* End PBXProject section */

/* Begin PBXSourcesBuildPhase section */
		63D7F4C222988E5600BFF5F9 /* Sources */ = {
			isa = PBXSourcesBuildPhase;
			buildActionMask = 2147483647;
			files = (
				63D7F4F3229DF5CC00BFF5F9 /* DoublyLinkedListsTest.swift in Sources */,
				63D7F4DA2298959700BFF5F9 /* Stack.swift in Sources */,
				63D7F4EB229DEE2E00BFF5F9 /* SinglyLinkedListTests.swift in Sources */,
				63D7F4F7229E13C600BFF5F9 /* StackWithLinkedList.swift in Sources */,
				63D7F4F1229DF04D00BFF5F9 /* StackTests.swift in Sources */,
				63D7F4FA229E1FF800BFF5F9 /* StackWithLinkedListTests.swift in Sources */,
				63D7F4E42299F53900BFF5F9 /* DoublyLinkedList.swift in Sources */,
				63D7F4FC229F347F00BFF5F9 /* Queue.swift in Sources */,
				63D7F4E22299F15C00BFF5F9 /* DoublyLinkedListNode.swift in Sources */,
				63D7F4D622988F2A00BFF5F9 /* SinglyLinkedListNode.swift in Sources */,
				63D7F4D322988ECA00BFF5F9 /* SinglyLinkedList.swift in Sources */,
				63D7F4CA22988E5600BFF5F9 /* main.swift in Sources */,
				63D7F500229F3F0200BFF5F9 /* QueueTests.swift in Sources */,
			);
			runOnlyForDeploymentPostprocessing = 0;
		};
/* End PBXSourcesBuildPhase section */

/* Begin XCBuildConfiguration section */
		63D7F4CB22988E5600BFF5F9 /* Debug */ = {
			isa = XCBuildConfiguration;
			buildSettings = {
				ALWAYS_SEARCH_USER_PATHS = NO;
				CLANG_ANALYZER_NONNULL = YES;
				CLANG_ANALYZER_NUMBER_OBJECT_CONVERSION = YES_AGGRESSIVE;
				CLANG_CXX_LANGUAGE_STANDARD = "gnu++14";
				CLANG_CXX_LIBRARY = "libc++";
				CLANG_ENABLE_MODULES = YES;
				CLANG_ENABLE_OBJC_ARC = YES;
				CLANG_ENABLE_OBJC_WEAK = YES;
				CLANG_WARN_BLOCK_CAPTURE_AUTORELEASING = YES;
				CLANG_WARN_BOOL_CONVERSION = YES;
				CLANG_WARN_COMMA = YES;
				CLANG_WARN_CONSTANT_CONVERSION = YES;
				CLANG_WARN_DEPRECATED_OBJC_IMPLEMENTATIONS = YES;
				CLANG_WARN_DIRECT_OBJC_ISA_USAGE = YES_ERROR;
				CLANG_WARN_DOCUMENTATION_COMMENTS = YES;
				CLANG_WARN_EMPTY_BODY = YES;
				CLANG_WARN_ENUM_CONVERSION = YES;
				CLANG_WARN_INFINITE_RECURSION = YES;
				CLANG_WARN_INT_CONVERSION = YES;
				CLANG_WARN_NON_LITERAL_NULL_CONVERSION = YES;
				CLANG_WARN_OBJC_IMPLICIT_RETAIN_SELF = YES;
				CLANG_WARN_OBJC_LITERAL_CONVERSION = YES;
				CLANG_WARN_OBJC_ROOT_CLASS = YES_ERROR;
				CLANG_WARN_RANGE_LOOP_ANALYSIS = YES;
				CLANG_WARN_STRICT_PROTOTYPES = YES;
				CLANG_WARN_SUSPICIOUS_MOVE = YES;
				CLANG_WARN_UNGUARDED_AVAILABILITY = YES_AGGRESSIVE;
				CLANG_WARN_UNREACHABLE_CODE = YES;
				CLANG_WARN__DUPLICATE_METHOD_MATCH = YES;
				CODE_SIGN_IDENTITY = "Mac Developer";
				COPY_PHASE_STRIP = NO;
				DEBUG_INFORMATION_FORMAT = dwarf;
				ENABLE_STRICT_OBJC_MSGSEND = YES;
				ENABLE_TESTABILITY = YES;
				GCC_C_LANGUAGE_STANDARD = gnu11;
				GCC_DYNAMIC_NO_PIC = NO;
				GCC_NO_COMMON_BLOCKS = YES;
				GCC_OPTIMIZATION_LEVEL = 0;
				GCC_PREPROCESSOR_DEFINITIONS = (
					"DEBUG=1",
					"$(inherited)",
				);
				GCC_WARN_64_TO_32_BIT_CONVERSION = YES;
				GCC_WARN_ABOUT_RETURN_TYPE = YES_ERROR;
				GCC_WARN_UNDECLARED_SELECTOR = YES;
				GCC_WARN_UNINITIALIZED_AUTOS = YES_AGGRESSIVE;
				GCC_WARN_UNUSED_FUNCTION = YES;
				GCC_WARN_UNUSED_VARIABLE = YES;
				MACOSX_DEPLOYMENT_TARGET = 10.14;
				MTL_ENABLE_DEBUG_INFO = INCLUDE_SOURCE;
				MTL_FAST_MATH = YES;
				ONLY_ACTIVE_ARCH = YES;
				SDKROOT = macosx;
				SWIFT_ACTIVE_COMPILATION_CONDITIONS = DEBUG;
				SWIFT_OPTIMIZATION_LEVEL = "-Onone";
			};
			name = Debug;
		};
		63D7F4CC22988E5600BFF5F9 /* Release */ = {
			isa = XCBuildConfiguration;
			buildSettings = {
				ALWAYS_SEARCH_USER_PATHS = NO;
				CLANG_ANALYZER_NONNULL = YES;
				CLANG_ANALYZER_NUMBER_OBJECT_CONVERSION = YES_AGGRESSIVE;
				CLANG_CXX_LANGUAGE_STANDARD = "gnu++14";
				CLANG_CXX_LIBRARY = "libc++";
				CLANG_ENABLE_MODULES = YES;
				CLANG_ENABLE_OBJC_ARC = YES;
				CLANG_ENABLE_OBJC_WEAK = YES;
				CLANG_WARN_BLOCK_CAPTURE_AUTORELEASING = YES;
				CLANG_WARN_BOOL_CONVERSION = YES;
				CLANG_WARN_COMMA = YES;
				CLANG_WARN_CONSTANT_CONVERSION = YES;
				CLANG_WARN_DEPRECATED_OBJC_IMPLEMENTATIONS = YES;
				CLANG_WARN_DIRECT_OBJC_ISA_USAGE = YES_ERROR;
				CLANG_WARN_DOCUMENTATION_COMMENTS = YES;
				CLANG_WARN_EMPTY_BODY = YES;
				CLANG_WARN_ENUM_CONVERSION = YES;
				CLANG_WARN_INFINITE_RECURSION = YES;
				CLANG_WARN_INT_CONVERSION = YES;
				CLANG_WARN_NON_LITERAL_NULL_CONVERSION = YES;
				CLANG_WARN_OBJC_IMPLICIT_RETAIN_SELF = YES;
				CLANG_WARN_OBJC_LITERAL_CONVERSION = YES;
				CLANG_WARN_OBJC_ROOT_CLASS = YES_ERROR;
				CLANG_WARN_RANGE_LOOP_ANALYSIS = YES;
				CLANG_WARN_STRICT_PROTOTYPES = YES;
				CLANG_WARN_SUSPICIOUS_MOVE = YES;
				CLANG_WARN_UNGUARDED_AVAILABILITY = YES_AGGRESSIVE;
				CLANG_WARN_UNREACHABLE_CODE = YES;
				CLANG_WARN__DUPLICATE_METHOD_MATCH = YES;
				CODE_SIGN_IDENTITY = "Mac Developer";
				COPY_PHASE_STRIP = NO;
				DEBUG_INFORMATION_FORMAT = "dwarf-with-dsym";
				ENABLE_NS_ASSERTIONS = NO;
				ENABLE_STRICT_OBJC_MSGSEND = YES;
				GCC_C_LANGUAGE_STANDARD = gnu11;
				GCC_NO_COMMON_BLOCKS = YES;
				GCC_WARN_64_TO_32_BIT_CONVERSION = YES;
				GCC_WARN_ABOUT_RETURN_TYPE = YES_ERROR;
				GCC_WARN_UNDECLARED_SELECTOR = YES;
				GCC_WARN_UNINITIALIZED_AUTOS = YES_AGGRESSIVE;
				GCC_WARN_UNUSED_FUNCTION = YES;
				GCC_WARN_UNUSED_VARIABLE = YES;
				MACOSX_DEPLOYMENT_TARGET = 10.14;
				MTL_ENABLE_DEBUG_INFO = NO;
				MTL_FAST_MATH = YES;
				SDKROOT = macosx;
				SWIFT_COMPILATION_MODE = wholemodule;
				SWIFT_OPTIMIZATION_LEVEL = "-O";
			};
			name = Release;
		};
		63D7F4CE22988E5600BFF5F9 /* Debug */ = {
			isa = XCBuildConfiguration;
			buildSettings = {
				CODE_SIGN_STYLE = Automatic;
				DEVELOPMENT_TEAM = 36RCCYYWFR;
				PRODUCT_NAME = "$(TARGET_NAME)";
				SWIFT_VERSION = 5.0;
			};
			name = Debug;
		};
		63D7F4CF22988E5600BFF5F9 /* Release */ = {
			isa = XCBuildConfiguration;
			buildSettings = {
				CODE_SIGN_STYLE = Automatic;
				DEVELOPMENT_TEAM = 36RCCYYWFR;
				PRODUCT_NAME = "$(TARGET_NAME)";
				SWIFT_VERSION = 5.0;
			};
			name = Release;
		};
/* End XCBuildConfiguration section */

/* Begin XCConfigurationList section */
		63D7F4C122988E5600BFF5F9 /* Build configuration list for PBXProject "Swift Algorithms & Data Structures" */ = {
			isa = XCConfigurationList;
			buildConfigurations = (
				63D7F4CB22988E5600BFF5F9 /* Debug */,
				63D7F4CC22988E5600BFF5F9 /* Release */,
			);
			defaultConfigurationIsVisible = 0;
			defaultConfigurationName = Release;
		};
		63D7F4CD22988E5600BFF5F9 /* Build configuration list for PBXNativeTarget "Swift Algorithms & Data Structures" */ = {
			isa = XCConfigurationList;
			buildConfigurations = (
				63D7F4CE22988E5600BFF5F9 /* Debug */,
				63D7F4CF22988E5600BFF5F9 /* Release */,
			);
			defaultConfigurationIsVisible = 0;
			defaultConfigurationName = Release;
		};
/* End XCConfigurationList section */
	};
	rootObject = 63D7F4BE22988E5600BFF5F9 /* Project object */;
}
